// !$*UTF8*$!
{
	archiveVersion = 1;
	classes = {
	};
	objectVersion = 54;
	objects = {

/* Begin PBXBuildFile section */
		00925A1A3D8F3B1060A9A4C2 /* StreamingIndicator.swift in Sources */ = {isa = PBXBuildFile; fileRef = 881A1665639F944665F2B124 /* StreamingIndicator.swift */; };
		09E9AF0C137A80E23A5866A0 /* FetchSessionsQuery.graphql.swift in Sources */ = {isa = PBXBuildFile; fileRef = 9EBB2C7E82B11E48DADB9FBC /* FetchSessionsQuery.graphql.swift */; };
		0E985C18502AC029B110EF78 /* ID.swift in Sources */ = {isa = PBXBuildFile; fileRef = 0BB188DABFE6E073D77AE761 /* ID.swift */; };
		10E2002A54CF8BCACCBE36EA /* ContentView.swift in Sources */ = {isa = PBXBuildFile; fileRef = 5ACC1772D9D2487088436832 /* ContentView.swift */; };
		1360937EF13B1EC1566FF78D /* AgentMutation.graphql.swift in Sources */ = {isa = PBXBuildFile; fileRef = BE93EB28C35A219E6587B87C /* AgentMutation.graphql.swift */; };
		13F926DBBFBE06A285C300E6 /* ToolCallBanner.swift in Sources */ = {isa = PBXBuildFile; fileRef = 8D2BC4123F39217FD14202F3 /* ToolCallBanner.swift */; };
		16EC85E110B3E4A08D613B41 /* Assets.xcassets in Resources */ = {isa = PBXBuildFile; fileRef = 0AC8AC881F3FCFA9253ECC69 /* Assets.xcassets */; };
		25051533B117EB2B635F43FE /* SchemaConfiguration.swift in Sources */ = {isa = PBXBuildFile; fileRef = 4D0BA65D735444C021A7F673 /* SchemaConfiguration.swift */; };
		25A0C1093266A77B070677C9 /* ApolloWebSocket in Frameworks */ = {isa = PBXBuildFile; productRef = CA58ABF4F0B58A11638F19D9 /* ApolloWebSocket */; };
		25F4ADEF8A3266E6304105FC /* BonjourBrowser.swift in Sources */ = {isa = PBXBuildFile; fileRef = 7E1534C12C36E1B570494D3A /* BonjourBrowser.swift */; };
		264755264A42676468707F1D /* ConnectView.swift in Sources */ = {isa = PBXBuildFile; fileRef = 7361989857D7274F32936A59 /* ConnectView.swift */; };
		278473BCECCE8A568B07F9AD /* MoltisWidgetBundle.swift in Sources */ = {isa = PBXBuildFile; fileRef = 86745A77364B3CDBC8C1296B /* MoltisWidgetBundle.swift */; };
		29A8FEEA1BCD46BD00ADA11B /* MoltisApp.swift in Sources */ = {isa = PBXBuildFile; fileRef = 293AF8CC668534AFA0B183D2 /* MoltisApp.swift */; };
		2AC44440EBC916A99AD2F408 /* SettingsView.swift in Sources */ = {isa = PBXBuildFile; fileRef = F4EE14BA5240BD907524E057 /* SettingsView.swift */; };
		3258E736BA208B8B1FDFE87A /* JSON.swift in Sources */ = {isa = PBXBuildFile; fileRef = 9A32881D37C0FBD6B2E3733A /* JSON.swift */; };
		380C1422811A17490C87E2F4 /* SchemaMetadata.graphql.swift in Sources */ = {isa = PBXBuildFile; fileRef = D5B282C75F9EFD47CAB024ED /* SchemaMetadata.graphql.swift */; };
		3941DB59C831511038558234 /* ChatView.swift in Sources */ = {isa = PBXBuildFile; fileRef = EF7076FEEDD3E32C1CE66D67 /* ChatView.swift */; };
		4F1A5903F8C7708B6ECD0E48 /* KeychainHelper.swift in Sources */ = {isa = PBXBuildFile; fileRef = C4D67563E8990EF1D4E93EE7 /* KeychainHelper.swift */; };
		538C15B4CA270B56253A67D2 /* ServerConnection.swift in Sources */ = {isa = PBXBuildFile; fileRef = FC7E35D562D39CE2FFA39ED0 /* ServerConnection.swift */; };
		58A537B809DE6C171D0661E2 /* ServerListView.swift in Sources */ = {isa = PBXBuildFile; fileRef = 41AD3985FC7D7FFF7B91D8FD /* ServerListView.swift */; };
		5B5322D4538AEEAF449B994B /* Apollo in Frameworks */ = {isa = PBXBuildFile; productRef = 590EC23675E8F4ACE435C023 /* Apollo */; };
		630B77CC814736FF519F81C8 /* ApolloAPI in Frameworks */ = {isa = PBXBuildFile; productRef = 3716D70B878103EE87C78A56 /* ApolloAPI */; };
		6485B96470854ACD71B8E1D3 /* MoltisWidgetExtension.appex in Embed Foundation Extensions */ = {isa = PBXBuildFile; fileRef = 6BE1F8172A34434BB04FE5AC /* MoltisWidgetExtension.appex */; settings = {ATTRIBUTES = (RemoveHeadersOnCopy, ); }; };
		6C1FB052B879121636F2118A /* MoltisGraphQLClient.swift in Sources */ = {isa = PBXBuildFile; fileRef = 35E6D7E004E9A43037EA3A75 /* MoltisGraphQLClient.swift */; };
		6C8DB1E1779A51AD1178EE7A /* MutationRoot.graphql.swift in Sources */ = {isa = PBXBuildFile; fileRef = A0CE48BAE678CD726739E73A /* MutationRoot.graphql.swift */; };
		6FCDA984B16633715D995411 /* FetchModelsQuery.graphql.swift in Sources */ = {isa = PBXBuildFile; fileRef = 2608160A1CA57AE16C0A996A /* FetchModelsQuery.graphql.swift */; };
		79B61CA78E1C34B42CF1E4A2 /* MoltisWSClient.swift in Sources */ = {isa = PBXBuildFile; fileRef = 9F6F7588626FC4F1A3CCF15C /* MoltisWSClient.swift */; };
		8481C5926A05C01C12310F94 /* ChatModels.swift in Sources */ = {isa = PBXBuildFile; fileRef = 2C28816E54D9FADBE6BD73DD /* ChatModels.swift */; };
		8ED98FF059DBBF64343F0D9D /* RPCTypes.swift in Sources */ = {isa = PBXBuildFile; fileRef = 9333F7EB32031166BF6C9988 /* RPCTypes.swift */; };
		8EEBB272D9B7CFE67A8857EF /* ModelInfo.graphql.swift in Sources */ = {isa = PBXBuildFile; fileRef = 8CF1BB8C700D4C5B277E45EC /* ModelInfo.graphql.swift */; };
		8FC59C6B723CB38BC0DDD4AF /* ModelStore.swift in Sources */ = {isa = PBXBuildFile; fileRef = 2A4E633095462E7ACDD64264 /* ModelStore.swift */; };
		903A29834938D1E2E9C3EA95 /* MoltisActivityAttributes.swift in Sources */ = {isa = PBXBuildFile; fileRef = DE7EBEA29576F8D4319FEC45 /* MoltisActivityAttributes.swift */; };
		9782B891F8FC6FA2E82D8BCD /* ModelPickerView.swift in Sources */ = {isa = PBXBuildFile; fileRef = 8F036D0B679BB715C83FA4EF /* ModelPickerView.swift */; };
		9B6486E2ACCDD95186A9FCDB /* ChatEventTypes.swift in Sources */ = {isa = PBXBuildFile; fileRef = B41574B5E26A62A4624B7133 /* ChatEventTypes.swift */; };
		A68E336B83510BD1CB1445CC /* SessionQuery.graphql.swift in Sources */ = {isa = PBXBuildFile; fileRef = 85E37C35CA02906E1864AB8E /* SessionQuery.graphql.swift */; };
		ACFAC96F8FAFCFE1D4D94A52 /* MoltisActivityAttributes.swift in Sources */ = {isa = PBXBuildFile; fileRef = DE7EBEA29576F8D4319FEC45 /* MoltisActivityAttributes.swift */; };
		B15A378B8683CD574EA52991 /* SessionRow.swift in Sources */ = {isa = PBXBuildFile; fileRef = 7E14FF444B23995CFD4D3A45 /* SessionRow.swift */; };
		B36E67752655B01965991E0C /* ModelQuery.graphql.swift in Sources */ = {isa = PBXBuildFile; fileRef = 118739ABDA1F23FFD0BF7320 /* ModelQuery.graphql.swift */; };
		BB5171C31A4BBBB0BE2F6899 /* BoolResult.graphql.swift in Sources */ = {isa = PBXBuildFile; fileRef = A7CD401781C2F2C05548F186 /* BoolResult.graphql.swift */; };
		BF7786BD498F02389DA87CCE /* UpdateUserLocationMutation.graphql.swift in Sources */ = {isa = PBXBuildFile; fileRef = 2651D19809937D89BCCB89A1 /* UpdateUserLocationMutation.graphql.swift */; };
		C211F6AC3A20A468A2BF03EE /* ChatStore.swift in Sources */ = {isa = PBXBuildFile; fileRef = CC0782EEFDE06401779DEA11 /* ChatStore.swift */; };
		C343EA6798B01FBAC6E10C69 /* SettingsStore.swift in Sources */ = {isa = PBXBuildFile; fileRef = 328E876898A047D297E6CB10 /* SettingsStore.swift */; };
		C67E740900F307218D0FEB39 /* MoltisLiveActivity.swift in Sources */ = {isa = PBXBuildFile; fileRef = 80CBA974CB37134346703C9E /* MoltisLiveActivity.swift */; };
		CB39B5940248F4777141001A /* MessageBubble.swift in Sources */ = {isa = PBXBuildFile; fileRef = 65519BB6415C8C7821CA8739 /* MessageBubble.swift */; };
		D0F436053AA72B262FE45D89 /* MoltisAPI.graphql.swift in Sources */ = {isa = PBXBuildFile; fileRef = 8D7E29F634AFA4F53AA164AF /* MoltisAPI.graphql.swift */; };
		D342FDE074D139B47AF41027 /* QueryRoot.graphql.swift in Sources */ = {isa = PBXBuildFile; fileRef = 3507469C0AE438770C66EB83 /* QueryRoot.graphql.swift */; };
		D40DE7AA5411EEE4E3DA669F /* LiveActivityManager.swift in Sources */ = {isa = PBXBuildFile; fileRef = D44C4BBE9AFAD0B87C7B44CF /* LiveActivityManager.swift */; };
		D750BAD9197C03194A3A4E74 /* IntentCardView.swift in Sources */ = {isa = PBXBuildFile; fileRef = 4E0842D69007EBE2B544FE69 /* IntentCardView.swift */; };
		D89813D924D0E7351593D96F /* SessionEntry.graphql.swift in Sources */ = {isa = PBXBuildFile; fileRef = 2AD6FE3205962D1628502354 /* SessionEntry.graphql.swift */; };
		DADF3B38BE7961B2FBF2D433 /* AuthManager.swift in Sources */ = {isa = PBXBuildFile; fileRef = DE2C8DE66CB55FDAAF8FBEAC /* AuthManager.swift */; };
		DCD35F4ED511C4642FAB567C /* SearchSessionsQuery.graphql.swift in Sources */ = {isa = PBXBuildFile; fileRef = 8BBE8A181332A03AB7B9568A /* SearchSessionsQuery.graphql.swift */; };
		DF62953F9BFA708479715ED3 /* StatusInfo.graphql.swift in Sources */ = {isa = PBXBuildFile; fileRef = 700DDFBD8B9B6AE3FEB8EFDC /* StatusInfo.graphql.swift */; };
		EB81E52FDC3E8277E67A636B /* ConnectionStore.swift in Sources */ = {isa = PBXBuildFile; fileRef = 022FC2C62996C740D3894EF0 /* ConnectionStore.swift */; };
		F24F30A082C8B48746F4481B /* SessionStore.swift in Sources */ = {isa = PBXBuildFile; fileRef = E03667ADE5E11638CB97B71F /* SessionStore.swift */; };
		F52023F3D9BE371DC77E10A2 /* AboutView.swift in Sources */ = {isa = PBXBuildFile; fileRef = 2F29861026D430F679865275 /* AboutView.swift */; };
		FE59F3D8E67C094A9AF4C1BC /* FetchStatusQuery.graphql.swift in Sources */ = {isa = PBXBuildFile; fileRef = 3E2DEBF5DE08436A4088C946 /* FetchStatusQuery.graphql.swift */; };
		FF31A4E66C406D2E29E3D76A /* SessionFields.graphql.swift in Sources */ = {isa = PBXBuildFile; fileRef = 3CA237269697BF2ABBF77A95 /* SessionFields.graphql.swift */; };
/* End PBXBuildFile section */

/* Begin PBXContainerItemProxy section */
		A70A650D255A97F5EF3BA4DE /* PBXContainerItemProxy */ = {
			isa = PBXContainerItemProxy;
			containerPortal = 98114214F49C2790CC903E21 /* Project object */;
			proxyType = 1;
			remoteGlobalIDString = CD2DD4BE52715046151C83D5;
			remoteInfo = MoltisWidgetExtension;
		};
/* End PBXContainerItemProxy section */

/* Begin PBXCopyFilesBuildPhase section */
		159BC3B7E1A23C62A7F36B80 /* Embed Foundation Extensions */ = {
			isa = PBXCopyFilesBuildPhase;
			buildActionMask = 2147483647;
			dstPath = "";
			dstSubfolderSpec = 13;
			files = (
				6485B96470854ACD71B8E1D3 /* MoltisWidgetExtension.appex in Embed Foundation Extensions */,
			);
			name = "Embed Foundation Extensions";
			runOnlyForDeploymentPostprocessing = 0;
		};
/* End PBXCopyFilesBuildPhase section */

/* Begin PBXFileReference section */
		022FC2C62996C740D3894EF0 /* ConnectionStore.swift */ = {isa = PBXFileReference; lastKnownFileType = sourcecode.swift; path = ConnectionStore.swift; sourceTree = "<group>"; };
		0AC8AC881F3FCFA9253ECC69 /* Assets.xcassets */ = {isa = PBXFileReference; lastKnownFileType = folder.assetcatalog; path = Assets.xcassets; sourceTree = "<group>"; };
		0BB188DABFE6E073D77AE761 /* ID.swift */ = {isa = PBXFileReference; lastKnownFileType = sourcecode.swift; path = ID.swift; sourceTree = "<group>"; };
		118739ABDA1F23FFD0BF7320 /* ModelQuery.graphql.swift */ = {isa = PBXFileReference; lastKnownFileType = sourcecode.swift; path = ModelQuery.graphql.swift; sourceTree = "<group>"; };
		2608160A1CA57AE16C0A996A /* FetchModelsQuery.graphql.swift */ = {isa = PBXFileReference; lastKnownFileType = sourcecode.swift; path = FetchModelsQuery.graphql.swift; sourceTree = "<group>"; };
		2651D19809937D89BCCB89A1 /* UpdateUserLocationMutation.graphql.swift */ = {isa = PBXFileReference; lastKnownFileType = sourcecode.swift; path = UpdateUserLocationMutation.graphql.swift; sourceTree = "<group>"; };
		293AF8CC668534AFA0B183D2 /* MoltisApp.swift */ = {isa = PBXFileReference; lastKnownFileType = sourcecode.swift; path = MoltisApp.swift; sourceTree = "<group>"; };
		2A4E633095462E7ACDD64264 /* ModelStore.swift */ = {isa = PBXFileReference; lastKnownFileType = sourcecode.swift; path = ModelStore.swift; sourceTree = "<group>"; };
		2AD6FE3205962D1628502354 /* SessionEntry.graphql.swift */ = {isa = PBXFileReference; lastKnownFileType = sourcecode.swift; path = SessionEntry.graphql.swift; sourceTree = "<group>"; };
		2C28816E54D9FADBE6BD73DD /* ChatModels.swift */ = {isa = PBXFileReference; lastKnownFileType = sourcecode.swift; path = ChatModels.swift; sourceTree = "<group>"; };
		2F29861026D430F679865275 /* AboutView.swift */ = {isa = PBXFileReference; lastKnownFileType = sourcecode.swift; path = AboutView.swift; sourceTree = "<group>"; };
		328E876898A047D297E6CB10 /* SettingsStore.swift */ = {isa = PBXFileReference; lastKnownFileType = sourcecode.swift; path = SettingsStore.swift; sourceTree = "<group>"; };
		3507469C0AE438770C66EB83 /* QueryRoot.graphql.swift */ = {isa = PBXFileReference; lastKnownFileType = sourcecode.swift; path = QueryRoot.graphql.swift; sourceTree = "<group>"; };
		35E6D7E004E9A43037EA3A75 /* MoltisGraphQLClient.swift */ = {isa = PBXFileReference; lastKnownFileType = sourcecode.swift; path = MoltisGraphQLClient.swift; sourceTree = "<group>"; };
		3CA237269697BF2ABBF77A95 /* SessionFields.graphql.swift */ = {isa = PBXFileReference; lastKnownFileType = sourcecode.swift; path = SessionFields.graphql.swift; sourceTree = "<group>"; };
		3E2DEBF5DE08436A4088C946 /* FetchStatusQuery.graphql.swift */ = {isa = PBXFileReference; lastKnownFileType = sourcecode.swift; path = FetchStatusQuery.graphql.swift; sourceTree = "<group>"; };
		41AD3985FC7D7FFF7B91D8FD /* ServerListView.swift */ = {isa = PBXFileReference; lastKnownFileType = sourcecode.swift; path = ServerListView.swift; sourceTree = "<group>"; };
		4D0BA65D735444C021A7F673 /* SchemaConfiguration.swift */ = {isa = PBXFileReference; lastKnownFileType = sourcecode.swift; path = SchemaConfiguration.swift; sourceTree = "<group>"; };
		4E0842D69007EBE2B544FE69 /* IntentCardView.swift */ = {isa = PBXFileReference; lastKnownFileType = sourcecode.swift; path = IntentCardView.swift; sourceTree = "<group>"; };
		5ACC1772D9D2487088436832 /* ContentView.swift */ = {isa = PBXFileReference; lastKnownFileType = sourcecode.swift; path = ContentView.swift; sourceTree = "<group>"; };
		65519BB6415C8C7821CA8739 /* MessageBubble.swift */ = {isa = PBXFileReference; lastKnownFileType = sourcecode.swift; path = MessageBubble.swift; sourceTree = "<group>"; };
		6BE1F8172A34434BB04FE5AC /* MoltisWidgetExtension.appex */ = {isa = PBXFileReference; includeInIndex = 0; lastKnownFileType = "wrapper.app-extension"; path = MoltisWidgetExtension.appex; sourceTree = BUILT_PRODUCTS_DIR; };
		700DDFBD8B9B6AE3FEB8EFDC /* StatusInfo.graphql.swift */ = {isa = PBXFileReference; lastKnownFileType = sourcecode.swift; path = StatusInfo.graphql.swift; sourceTree = "<group>"; };
		7361989857D7274F32936A59 /* ConnectView.swift */ = {isa = PBXFileReference; lastKnownFileType = sourcecode.swift; path = ConnectView.swift; sourceTree = "<group>"; };
		7E14FF444B23995CFD4D3A45 /* SessionRow.swift */ = {isa = PBXFileReference; lastKnownFileType = sourcecode.swift; path = SessionRow.swift; sourceTree = "<group>"; };
		7E1534C12C36E1B570494D3A /* BonjourBrowser.swift */ = {isa = PBXFileReference; lastKnownFileType = sourcecode.swift; path = BonjourBrowser.swift; sourceTree = "<group>"; };
		80CBA974CB37134346703C9E /* MoltisLiveActivity.swift */ = {isa = PBXFileReference; lastKnownFileType = sourcecode.swift; path = MoltisLiveActivity.swift; sourceTree = "<group>"; };
		85E37C35CA02906E1864AB8E /* SessionQuery.graphql.swift */ = {isa = PBXFileReference; lastKnownFileType = sourcecode.swift; path = SessionQuery.graphql.swift; sourceTree = "<group>"; };
		86745A77364B3CDBC8C1296B /* MoltisWidgetBundle.swift */ = {isa = PBXFileReference; lastKnownFileType = sourcecode.swift; path = MoltisWidgetBundle.swift; sourceTree = "<group>"; };
		881A1665639F944665F2B124 /* StreamingIndicator.swift */ = {isa = PBXFileReference; lastKnownFileType = sourcecode.swift; path = StreamingIndicator.swift; sourceTree = "<group>"; };
		8BBE8A181332A03AB7B9568A /* SearchSessionsQuery.graphql.swift */ = {isa = PBXFileReference; lastKnownFileType = sourcecode.swift; path = SearchSessionsQuery.graphql.swift; sourceTree = "<group>"; };
		8CF1BB8C700D4C5B277E45EC /* ModelInfo.graphql.swift */ = {isa = PBXFileReference; lastKnownFileType = sourcecode.swift; path = ModelInfo.graphql.swift; sourceTree = "<group>"; };
		8D2BC4123F39217FD14202F3 /* ToolCallBanner.swift */ = {isa = PBXFileReference; lastKnownFileType = sourcecode.swift; path = ToolCallBanner.swift; sourceTree = "<group>"; };
		8D7E29F634AFA4F53AA164AF /* MoltisAPI.graphql.swift */ = {isa = PBXFileReference; lastKnownFileType = sourcecode.swift; path = MoltisAPI.graphql.swift; sourceTree = "<group>"; };
		8F036D0B679BB715C83FA4EF /* ModelPickerView.swift */ = {isa = PBXFileReference; lastKnownFileType = sourcecode.swift; path = ModelPickerView.swift; sourceTree = "<group>"; };
		9333F7EB32031166BF6C9988 /* RPCTypes.swift */ = {isa = PBXFileReference; lastKnownFileType = sourcecode.swift; path = RPCTypes.swift; sourceTree = "<group>"; };
		9A32881D37C0FBD6B2E3733A /* JSON.swift */ = {isa = PBXFileReference; lastKnownFileType = sourcecode.swift; path = JSON.swift; sourceTree = "<group>"; };
		9EBB2C7E82B11E48DADB9FBC /* FetchSessionsQuery.graphql.swift */ = {isa = PBXFileReference; lastKnownFileType = sourcecode.swift; path = FetchSessionsQuery.graphql.swift; sourceTree = "<group>"; };
		9F6F7588626FC4F1A3CCF15C /* MoltisWSClient.swift */ = {isa = PBXFileReference; lastKnownFileType = sourcecode.swift; path = MoltisWSClient.swift; sourceTree = "<group>"; };
		A0186649DD263747E78D70FA /* Info.plist */ = {isa = PBXFileReference; lastKnownFileType = text.plist; path = Info.plist; sourceTree = "<group>"; };
		A0CE48BAE678CD726739E73A /* MutationRoot.graphql.swift */ = {isa = PBXFileReference; lastKnownFileType = sourcecode.swift; path = MutationRoot.graphql.swift; sourceTree = "<group>"; };
		A7CD401781C2F2C05548F186 /* BoolResult.graphql.swift */ = {isa = PBXFileReference; lastKnownFileType = sourcecode.swift; path = BoolResult.graphql.swift; sourceTree = "<group>"; };
		A970120FDF86A58491F33AB9 /* Moltis.app */ = {isa = PBXFileReference; includeInIndex = 0; lastKnownFileType = wrapper.application; path = Moltis.app; sourceTree = BUILT_PRODUCTS_DIR; };
		B41574B5E26A62A4624B7133 /* ChatEventTypes.swift */ = {isa = PBXFileReference; lastKnownFileType = sourcecode.swift; path = ChatEventTypes.swift; sourceTree = "<group>"; };
		BE93EB28C35A219E6587B87C /* AgentMutation.graphql.swift */ = {isa = PBXFileReference; lastKnownFileType = sourcecode.swift; path = AgentMutation.graphql.swift; sourceTree = "<group>"; };
		C4D67563E8990EF1D4E93EE7 /* KeychainHelper.swift */ = {isa = PBXFileReference; lastKnownFileType = sourcecode.swift; path = KeychainHelper.swift; sourceTree = "<group>"; };
		CC0782EEFDE06401779DEA11 /* ChatStore.swift */ = {isa = PBXFileReference; lastKnownFileType = sourcecode.swift; path = ChatStore.swift; sourceTree = "<group>"; };
		D44C4BBE9AFAD0B87C7B44CF /* LiveActivityManager.swift */ = {isa = PBXFileReference; lastKnownFileType = sourcecode.swift; path = LiveActivityManager.swift; sourceTree = "<group>"; };
		D5B282C75F9EFD47CAB024ED /* SchemaMetadata.graphql.swift */ = {isa = PBXFileReference; lastKnownFileType = sourcecode.swift; path = SchemaMetadata.graphql.swift; sourceTree = "<group>"; };
		DE2C8DE66CB55FDAAF8FBEAC /* AuthManager.swift */ = {isa = PBXFileReference; lastKnownFileType = sourcecode.swift; path = AuthManager.swift; sourceTree = "<group>"; };
		DE7EBEA29576F8D4319FEC45 /* MoltisActivityAttributes.swift */ = {isa = PBXFileReference; lastKnownFileType = sourcecode.swift; path = MoltisActivityAttributes.swift; sourceTree = "<group>"; };
		E03667ADE5E11638CB97B71F /* SessionStore.swift */ = {isa = PBXFileReference; lastKnownFileType = sourcecode.swift; path = SessionStore.swift; sourceTree = "<group>"; };
		EF7076FEEDD3E32C1CE66D67 /* ChatView.swift */ = {isa = PBXFileReference; lastKnownFileType = sourcecode.swift; path = ChatView.swift; sourceTree = "<group>"; };
		F4EE14BA5240BD907524E057 /* SettingsView.swift */ = {isa = PBXFileReference; lastKnownFileType = sourcecode.swift; path = SettingsView.swift; sourceTree = "<group>"; };
		FC4424B219EFBC7A7F7D26E6 /* MoltisWidgetExtension.entitlements */ = {isa = PBXFileReference; lastKnownFileType = text.plist.entitlements; path = MoltisWidgetExtension.entitlements; sourceTree = "<group>"; };
		FC7E35D562D39CE2FFA39ED0 /* ServerConnection.swift */ = {isa = PBXFileReference; lastKnownFileType = sourcecode.swift; path = ServerConnection.swift; sourceTree = "<group>"; };
		"TEMP_F9BCFF5B-E49C-40ED-8F98-E2863215D0FA" /* local.xcconfig */ = {isa = PBXFileReference; lastKnownFileType = text.xcconfig; path = local.xcconfig; sourceTree = "<group>"; };
/* End PBXFileReference section */

/* Begin PBXFrameworksBuildPhase section */
		FF8662BCEF0705E5CA15600C /* Frameworks */ = {
			isa = PBXFrameworksBuildPhase;
			buildActionMask = 2147483647;
			files = (
				5B5322D4538AEEAF449B994B /* Apollo in Frameworks */,
				630B77CC814736FF519F81C8 /* ApolloAPI in Frameworks */,
				25A0C1093266A77B070677C9 /* ApolloWebSocket in Frameworks */,
			);
			runOnlyForDeploymentPostprocessing = 0;
		};
/* End PBXFrameworksBuildPhase section */

/* Begin PBXGroup section */
		040543CAE27D1C7D84E5ACBB /* Networking */ = {
			isa = PBXGroup;
			children = (
				7E1534C12C36E1B570494D3A /* BonjourBrowser.swift */,
				B41574B5E26A62A4624B7133 /* ChatEventTypes.swift */,
				35E6D7E004E9A43037EA3A75 /* MoltisGraphQLClient.swift */,
				9F6F7588626FC4F1A3CCF15C /* MoltisWSClient.swift */,
				9333F7EB32031166BF6C9988 /* RPCTypes.swift */,
			);
			path = Networking;
			sourceTree = "<group>";
		};
		05ADCB3662776C15C3A1695F /* Models */ = {
			isa = PBXGroup;
			children = (
				2C28816E54D9FADBE6BD73DD /* ChatModels.swift */,
			);
			path = Models;
			sourceTree = "<group>";
		};
		0989652C8E113AE011AEB668 /* Connect */ = {
			isa = PBXGroup;
			children = (
				7361989857D7274F32936A59 /* ConnectView.swift */,
				41AD3985FC7D7FFF7B91D8FD /* ServerListView.swift */,
			);
			path = Connect;
			sourceTree = "<group>";
		};
		16A15CD9E4EBA0A63AFD24C1 /* Schema */ = {
			isa = PBXGroup;
			children = (
				4D0BA65D735444C021A7F673 /* SchemaConfiguration.swift */,
				D5B282C75F9EFD47CAB024ED /* SchemaMetadata.graphql.swift */,
				A46199C51DB23BD4FD3934A1 /* CustomScalars */,
				267DE74123CE5B9F42F96ABA /* Objects */,
			);
			path = Schema;
			sourceTree = "<group>";
		};
		267DE74123CE5B9F42F96ABA /* Objects */ = {
			isa = PBXGroup;
			children = (
				BE93EB28C35A219E6587B87C /* AgentMutation.graphql.swift */,
				A7CD401781C2F2C05548F186 /* BoolResult.graphql.swift */,
				8CF1BB8C700D4C5B277E45EC /* ModelInfo.graphql.swift */,
				118739ABDA1F23FFD0BF7320 /* ModelQuery.graphql.swift */,
				A0CE48BAE678CD726739E73A /* MutationRoot.graphql.swift */,
				3507469C0AE438770C66EB83 /* QueryRoot.graphql.swift */,
				2AD6FE3205962D1628502354 /* SessionEntry.graphql.swift */,
				85E37C35CA02906E1864AB8E /* SessionQuery.graphql.swift */,
				700DDFBD8B9B6AE3FEB8EFDC /* StatusInfo.graphql.swift */,
			);
			path = Objects;
			sourceTree = "<group>";
		};
		2CEA54470189508F8CE541F0 /* Settings */ = {
			isa = PBXGroup;
			children = (
				2F29861026D430F679865275 /* AboutView.swift */,
				8F036D0B679BB715C83FA4EF /* ModelPickerView.swift */,
				F4EE14BA5240BD907524E057 /* SettingsView.swift */,
			);
			path = Settings;
			sourceTree = "<group>";
		};
		30B02F60263186BD5261E01E /* Auth */ = {
			isa = PBXGroup;
			children = (
				DE2C8DE66CB55FDAAF8FBEAC /* AuthManager.swift */,
				C4D67563E8990EF1D4E93EE7 /* KeychainHelper.swift */,
				FC7E35D562D39CE2FFA39ED0 /* ServerConnection.swift */,
			);
			path = Auth;
			sourceTree = "<group>";
		};
		53934D6D67E0DBC14A603508 /* Operations */ = {
			isa = PBXGroup;
			children = (
				BE3A6F845FBDE5C7E643BD90 /* Mutations */,
				77EBC18260DB45AEB4C4F305 /* Queries */,
			);
			path = Operations;
			sourceTree = "<group>";
		};
		56E1ADB843D5DF72A6908B3A /* Widget */ = {
			isa = PBXGroup;
			children = (
				A0186649DD263747E78D70FA /* Info.plist */,
				4E0842D69007EBE2B544FE69 /* IntentCardView.swift */,
				80CBA974CB37134346703C9E /* MoltisLiveActivity.swift */,
				86745A77364B3CDBC8C1296B /* MoltisWidgetBundle.swift */,
				FC4424B219EFBC7A7F7D26E6 /* MoltisWidgetExtension.entitlements */,
			);
			path = Widget;
			sourceTree = "<group>";
		};
		77EBC18260DB45AEB4C4F305 /* Queries */ = {
			isa = PBXGroup;
			children = (
				2608160A1CA57AE16C0A996A /* FetchModelsQuery.graphql.swift */,
				9EBB2C7E82B11E48DADB9FBC /* FetchSessionsQuery.graphql.swift */,
				3E2DEBF5DE08436A4088C946 /* FetchStatusQuery.graphql.swift */,
				8BBE8A181332A03AB7B9568A /* SearchSessionsQuery.graphql.swift */,
			);
			path = Queries;
			sourceTree = "<group>";
		};
		7A498C5B6B394BD9EE67DE61 = {
			isa = PBXGroup;
			children = (
				0AC8AC881F3FCFA9253ECC69 /* Assets.xcassets */,
				E1AF8A6A2CAF2DE96A7C2411 /* Sources */,
				56E1ADB843D5DF72A6908B3A /* Widget */,
				C81C00256BA1C8F223C1DEAF /* Products */,
			);
			sourceTree = "<group>";
		};
		8B685DBD92307F344E97A644 /* Stores */ = {
			isa = PBXGroup;
			children = (
				CC0782EEFDE06401779DEA11 /* ChatStore.swift */,
				022FC2C62996C740D3894EF0 /* ConnectionStore.swift */,
				2A4E633095462E7ACDD64264 /* ModelStore.swift */,
				E03667ADE5E11638CB97B71F /* SessionStore.swift */,
				328E876898A047D297E6CB10 /* SettingsStore.swift */,
			);
			path = Stores;
			sourceTree = "<group>";
		};
		90414D25A48FA33BAC701089 /* LiveActivity */ = {
			isa = PBXGroup;
			children = (
				D44C4BBE9AFAD0B87C7B44CF /* LiveActivityManager.swift */,
				DE7EBEA29576F8D4319FEC45 /* MoltisActivityAttributes.swift */,
			);
			path = LiveActivity;
			sourceTree = "<group>";
		};
		A46199C51DB23BD4FD3934A1 /* CustomScalars */ = {
			isa = PBXGroup;
			children = (
				0BB188DABFE6E073D77AE761 /* ID.swift */,
				9A32881D37C0FBD6B2E3733A /* JSON.swift */,
			);
			path = CustomScalars;
			sourceTree = "<group>";
		};
		A82F26BF245E66E062805A87 /* Views */ = {
			isa = PBXGroup;
			children = (
				5ACC1772D9D2487088436832 /* ContentView.swift */,
				B7ACB593327270D8234B960F /* Chat */,
				0989652C8E113AE011AEB668 /* Connect */,
				E5563C29B26B35B968F4880C /* Sessions */,
				2CEA54470189508F8CE541F0 /* Settings */,
			);
			path = Views;
			sourceTree = "<group>";
		};
		B7ACB593327270D8234B960F /* Chat */ = {
			isa = PBXGroup;
			children = (
				EF7076FEEDD3E32C1CE66D67 /* ChatView.swift */,
				65519BB6415C8C7821CA8739 /* MessageBubble.swift */,
				881A1665639F944665F2B124 /* StreamingIndicator.swift */,
				8D2BC4123F39217FD14202F3 /* ToolCallBanner.swift */,
			);
			path = Chat;
			sourceTree = "<group>";
		};
		BE3A6F845FBDE5C7E643BD90 /* Mutations */ = {
			isa = PBXGroup;
			children = (
				2651D19809937D89BCCB89A1 /* UpdateUserLocationMutation.graphql.swift */,
			);
			path = Mutations;
			sourceTree = "<group>";
		};
		C0E8F8FF396ABBC4C57355FD /* GraphQL */ = {
			isa = PBXGroup;
			children = (
				EF1D0B82AC65BE5CFE26659A /* Generated */,
			);
			path = GraphQL;
			sourceTree = "<group>";
		};
		C81C00256BA1C8F223C1DEAF /* Products */ = {
			isa = PBXGroup;
			children = (
				A970120FDF86A58491F33AB9 /* Moltis.app */,
				6BE1F8172A34434BB04FE5AC /* MoltisWidgetExtension.appex */,
			);
			name = Products;
			sourceTree = "<group>";
		};
		E1AF8A6A2CAF2DE96A7C2411 /* Sources */ = {
			isa = PBXGroup;
			children = (
				293AF8CC668534AFA0B183D2 /* MoltisApp.swift */,
				30B02F60263186BD5261E01E /* Auth */,
				C0E8F8FF396ABBC4C57355FD /* GraphQL */,
				90414D25A48FA33BAC701089 /* LiveActivity */,
				05ADCB3662776C15C3A1695F /* Models */,
				040543CAE27D1C7D84E5ACBB /* Networking */,
				8B685DBD92307F344E97A644 /* Stores */,
				A82F26BF245E66E062805A87 /* Views */,
			);
			path = Sources;
			sourceTree = "<group>";
		};
		E5563C29B26B35B968F4880C /* Sessions */ = {
			isa = PBXGroup;
			children = (
				7E14FF444B23995CFD4D3A45 /* SessionRow.swift */,
			);
			path = Sessions;
			sourceTree = "<group>";
		};
		E565428D2A396BCF5DCFCB66 /* Fragments */ = {
			isa = PBXGroup;
			children = (
				3CA237269697BF2ABBF77A95 /* SessionFields.graphql.swift */,
			);
			path = Fragments;
			sourceTree = "<group>";
		};
		EF1D0B82AC65BE5CFE26659A /* Generated */ = {
			isa = PBXGroup;
			children = (
				FFCA31AF3A9F505E7F907CD2 /* MoltisAPI */,
			);
			path = Generated;
			sourceTree = "<group>";
		};
		FFCA31AF3A9F505E7F907CD2 /* MoltisAPI */ = {
			isa = PBXGroup;
			children = (
				8D7E29F634AFA4F53AA164AF /* MoltisAPI.graphql.swift */,
				E565428D2A396BCF5DCFCB66 /* Fragments */,
				53934D6D67E0DBC14A603508 /* Operations */,
				16A15CD9E4EBA0A63AFD24C1 /* Schema */,
			);
			path = MoltisAPI;
			sourceTree = "<group>";
		};
		"TEMP_EC90A0FA-1053-40E6-B353-63BC2661625C" /* ios */ = {
			isa = PBXGroup;
			children = (
				"TEMP_F9BCFF5B-E49C-40ED-8F98-E2863215D0FA" /* local.xcconfig */,
			);
			path = ios;
			sourceTree = "<group>";
		};
/* End PBXGroup section */

/* Begin PBXNativeTarget section */
		5E818DA0880F9A19F77D7E6B /* Moltis */ = {
			isa = PBXNativeTarget;
			buildConfigurationList = 90E12F31AF251005065C1068 /* Build configuration list for PBXNativeTarget "Moltis" */;
			buildPhases = (
				14DD8ABBF0740BFF94127D1C /* Sources */,
				62246CB3A83F737343BF7CBE /* Resources */,
				FF8662BCEF0705E5CA15600C /* Frameworks */,
				159BC3B7E1A23C62A7F36B80 /* Embed Foundation Extensions */,
			);
			buildRules = (
			);
			dependencies = (
				B10B51906789553657CF7A31 /* PBXTargetDependency */,
			);
			name = Moltis;
			packageProductDependencies = (
				590EC23675E8F4ACE435C023 /* Apollo */,
				3716D70B878103EE87C78A56 /* ApolloAPI */,
				CA58ABF4F0B58A11638F19D9 /* ApolloWebSocket */,
			);
			productName = Moltis;
			productReference = A970120FDF86A58491F33AB9 /* Moltis.app */;
			productType = "com.apple.product-type.application";
		};
		CD2DD4BE52715046151C83D5 /* MoltisWidgetExtension */ = {
			isa = PBXNativeTarget;
			buildConfigurationList = DD2911A568D044E5B4DB23DA /* Build configuration list for PBXNativeTarget "MoltisWidgetExtension" */;
			buildPhases = (
				5A0DB3ED66D3300D5C02A36B /* Sources */,
			);
			buildRules = (
			);
			dependencies = (
			);
			name = MoltisWidgetExtension;
			packageProductDependencies = (
			);
			productName = MoltisWidgetExtension;
			productReference = 6BE1F8172A34434BB04FE5AC /* MoltisWidgetExtension.appex */;
			productType = "com.apple.product-type.app-extension";
		};
/* End PBXNativeTarget section */

/* Begin PBXProject section */
		98114214F49C2790CC903E21 /* Project object */ = {
			isa = PBXProject;
			attributes = {
				BuildIndependentTargetsInParallel = YES;
				LastUpgradeCheck = 1430;
				TargetAttributes = {
					5E818DA0880F9A19F77D7E6B = {
						DevelopmentTeam = 6ATT5T9L86;
						ProvisioningStyle = Automatic;
					};
					CD2DD4BE52715046151C83D5 = {
						DevelopmentTeam = 6ATT5T9L86;
						ProvisioningStyle = Automatic;
					};
				};
			};
			buildConfigurationList = 05A5349E823228D1F723C88A /* Build configuration list for PBXProject "Moltis" */;
			compatibilityVersion = "Xcode 14.0";
			developmentRegion = en;
			hasScannedForEncodings = 0;
			knownRegions = (
				Base,
				en,
			);
			mainGroup = 7A498C5B6B394BD9EE67DE61;
			minimizedProjectReferenceProxies = 1;
			packageReferences = (
				9C3F735C5904C9B0CE27FD10 /* XCRemoteSwiftPackageReference "apollo-ios" */,
			);
			preferredProjectObjectVersion = 54;
			projectDirPath = "";
			projectRoot = "";
			targets = (
				5E818DA0880F9A19F77D7E6B /* Moltis */,
				CD2DD4BE52715046151C83D5 /* MoltisWidgetExtension */,
			);
		};
/* End PBXProject section */

/* Begin PBXResourcesBuildPhase section */
		62246CB3A83F737343BF7CBE /* Resources */ = {
			isa = PBXResourcesBuildPhase;
			buildActionMask = 2147483647;
			files = (
				16EC85E110B3E4A08D613B41 /* Assets.xcassets in Resources */,
			);
			runOnlyForDeploymentPostprocessing = 0;
		};
/* End PBXResourcesBuildPhase section */

/* Begin PBXSourcesBuildPhase section */
		14DD8ABBF0740BFF94127D1C /* Sources */ = {
			isa = PBXSourcesBuildPhase;
			buildActionMask = 2147483647;
			files = (
				F52023F3D9BE371DC77E10A2 /* AboutView.swift in Sources */,
				1360937EF13B1EC1566FF78D /* AgentMutation.graphql.swift in Sources */,
				DADF3B38BE7961B2FBF2D433 /* AuthManager.swift in Sources */,
				25F4ADEF8A3266E6304105FC /* BonjourBrowser.swift in Sources */,
				BB5171C31A4BBBB0BE2F6899 /* BoolResult.graphql.swift in Sources */,
				9B6486E2ACCDD95186A9FCDB /* ChatEventTypes.swift in Sources */,
				8481C5926A05C01C12310F94 /* ChatModels.swift in Sources */,
				C211F6AC3A20A468A2BF03EE /* ChatStore.swift in Sources */,
				3941DB59C831511038558234 /* ChatView.swift in Sources */,
				264755264A42676468707F1D /* ConnectView.swift in Sources */,
				EB81E52FDC3E8277E67A636B /* ConnectionStore.swift in Sources */,
				10E2002A54CF8BCACCBE36EA /* ContentView.swift in Sources */,
				6FCDA984B16633715D995411 /* FetchModelsQuery.graphql.swift in Sources */,
				09E9AF0C137A80E23A5866A0 /* FetchSessionsQuery.graphql.swift in Sources */,
				FE59F3D8E67C094A9AF4C1BC /* FetchStatusQuery.graphql.swift in Sources */,
				0E985C18502AC029B110EF78 /* ID.swift in Sources */,
				3258E736BA208B8B1FDFE87A /* JSON.swift in Sources */,
				4F1A5903F8C7708B6ECD0E48 /* KeychainHelper.swift in Sources */,
				D40DE7AA5411EEE4E3DA669F /* LiveActivityManager.swift in Sources */,
				CB39B5940248F4777141001A /* MessageBubble.swift in Sources */,
				8EEBB272D9B7CFE67A8857EF /* ModelInfo.graphql.swift in Sources */,
				9782B891F8FC6FA2E82D8BCD /* ModelPickerView.swift in Sources */,
				B36E67752655B01965991E0C /* ModelQuery.graphql.swift in Sources */,
				8FC59C6B723CB38BC0DDD4AF /* ModelStore.swift in Sources */,
				D0F436053AA72B262FE45D89 /* MoltisAPI.graphql.swift in Sources */,
				903A29834938D1E2E9C3EA95 /* MoltisActivityAttributes.swift in Sources */,
				29A8FEEA1BCD46BD00ADA11B /* MoltisApp.swift in Sources */,
				6C1FB052B879121636F2118A /* MoltisGraphQLClient.swift in Sources */,
				79B61CA78E1C34B42CF1E4A2 /* MoltisWSClient.swift in Sources */,
				6C8DB1E1779A51AD1178EE7A /* MutationRoot.graphql.swift in Sources */,
				D342FDE074D139B47AF41027 /* QueryRoot.graphql.swift in Sources */,
				8ED98FF059DBBF64343F0D9D /* RPCTypes.swift in Sources */,
				25051533B117EB2B635F43FE /* SchemaConfiguration.swift in Sources */,
				380C1422811A17490C87E2F4 /* SchemaMetadata.graphql.swift in Sources */,
				DCD35F4ED511C4642FAB567C /* SearchSessionsQuery.graphql.swift in Sources */,
				538C15B4CA270B56253A67D2 /* ServerConnection.swift in Sources */,
				58A537B809DE6C171D0661E2 /* ServerListView.swift in Sources */,
				D89813D924D0E7351593D96F /* SessionEntry.graphql.swift in Sources */,
				FF31A4E66C406D2E29E3D76A /* SessionFields.graphql.swift in Sources */,
				A68E336B83510BD1CB1445CC /* SessionQuery.graphql.swift in Sources */,
				B15A378B8683CD574EA52991 /* SessionRow.swift in Sources */,
				F24F30A082C8B48746F4481B /* SessionStore.swift in Sources */,
				C343EA6798B01FBAC6E10C69 /* SettingsStore.swift in Sources */,
				2AC44440EBC916A99AD2F408 /* SettingsView.swift in Sources */,
				DF62953F9BFA708479715ED3 /* StatusInfo.graphql.swift in Sources */,
				00925A1A3D8F3B1060A9A4C2 /* StreamingIndicator.swift in Sources */,
				13F926DBBFBE06A285C300E6 /* ToolCallBanner.swift in Sources */,
				BF7786BD498F02389DA87CCE /* UpdateUserLocationMutation.graphql.swift in Sources */,
			);
			runOnlyForDeploymentPostprocessing = 0;
		};
		5A0DB3ED66D3300D5C02A36B /* Sources */ = {
			isa = PBXSourcesBuildPhase;
			buildActionMask = 2147483647;
			files = (
				D750BAD9197C03194A3A4E74 /* IntentCardView.swift in Sources */,
				ACFAC96F8FAFCFE1D4D94A52 /* MoltisActivityAttributes.swift in Sources */,
				C67E740900F307218D0FEB39 /* MoltisLiveActivity.swift in Sources */,
				278473BCECCE8A568B07F9AD /* MoltisWidgetBundle.swift in Sources */,
			);
			runOnlyForDeploymentPostprocessing = 0;
		};
/* End PBXSourcesBuildPhase section */

/* Begin PBXTargetDependency section */
		B10B51906789553657CF7A31 /* PBXTargetDependency */ = {
			isa = PBXTargetDependency;
			target = CD2DD4BE52715046151C83D5 /* MoltisWidgetExtension */;
			targetProxy = A70A650D255A97F5EF3BA4DE /* PBXContainerItemProxy */;
		};
/* End PBXTargetDependency section */

/* Begin XCBuildConfiguration section */
		085AC36127F6B1114FBECF34 /* Release */ = {
			isa = XCBuildConfiguration;
			buildSettings = {
				ASSETCATALOG_COMPILER_APPICON_NAME = AppIcon;
				CODE_SIGN_ENTITLEMENTS = Moltis.entitlements;
				CODE_SIGN_IDENTITY = "iPhone Developer";
				GENERATE_INFOPLIST_FILE = YES;
				INFOPLIST_FILE = Info.plist;
				INFOPLIST_KEY_UILaunchScreen_Generation = YES;
				INFOPLIST_KEY_UISupportedInterfaceOrientations_iPad = "UIInterfaceOrientationPortrait UIInterfaceOrientationPortraitUpsideDown UIInterfaceOrientationLandscapeLeft UIInterfaceOrientationLandscapeRight";
				INFOPLIST_KEY_UISupportedInterfaceOrientations_iPhone = "UIInterfaceOrientationPortrait UIInterfaceOrientationLandscapeLeft UIInterfaceOrientationLandscapeRight";
				LD_RUNPATH_SEARCH_PATHS = (
					"$(inherited)",
					"@executable_path/Frameworks",
				);
				PRODUCT_BUNDLE_IDENTIFIER = org.moltis.ios;
				SDKROOT = iphoneos;
				SUPPORTS_MACCATALYST = NO;
				SWIFT_EMIT_LOC_STRINGS = NO;
				TARGETED_DEVICE_FAMILY = "1,2";
			};
			name = Release;
		};
		17D7C580CF2CF20CCE2800EA /* Debug */ = {
			isa = XCBuildConfiguration;
			buildSettings = {
				CODE_SIGN_ENTITLEMENTS = Widget/MoltisWidgetExtension.entitlements;
				GENERATE_INFOPLIST_FILE = YES;
				INFOPLIST_FILE = Widget/Info.plist;
				LD_RUNPATH_SEARCH_PATHS = (
					"$(inherited)",
					"@executable_path/Frameworks",
					"@executable_path/../../Frameworks",
				);
				PRODUCT_BUNDLE_IDENTIFIER = org.moltis.ios.widget;
				SDKROOT = iphoneos;
				SWIFT_EMIT_LOC_STRINGS = NO;
				TARGETED_DEVICE_FAMILY = "1,2";
			};
			name = Debug;
		};
		8584A0EEFD2EE4E93C838471 /* Release */ = {
			isa = XCBuildConfiguration;
			buildSettings = {
				CODE_SIGN_ENTITLEMENTS = Widget/MoltisWidgetExtension.entitlements;
				GENERATE_INFOPLIST_FILE = YES;
				INFOPLIST_FILE = Widget/Info.plist;
				LD_RUNPATH_SEARCH_PATHS = (
					"$(inherited)",
					"@executable_path/Frameworks",
					"@executable_path/../../Frameworks",
				);
				PRODUCT_BUNDLE_IDENTIFIER = org.moltis.ios.widget;
				SDKROOT = iphoneos;
				SWIFT_EMIT_LOC_STRINGS = NO;
				TARGETED_DEVICE_FAMILY = "1,2";
			};
			name = Release;
		};
		BD349268E4F43FB3D1C7A999 /* Debug */ = {
			isa = XCBuildConfiguration;
			buildSettings = {
				ASSETCATALOG_COMPILER_APPICON_NAME = AppIcon;
				CODE_SIGN_ENTITLEMENTS = Moltis.entitlements;
				CODE_SIGN_IDENTITY = "iPhone Developer";
				GENERATE_INFOPLIST_FILE = YES;
				INFOPLIST_FILE = Info.plist;
				INFOPLIST_KEY_UILaunchScreen_Generation = YES;
				INFOPLIST_KEY_UISupportedInterfaceOrientations_iPad = "UIInterfaceOrientationPortrait UIInterfaceOrientationPortraitUpsideDown UIInterfaceOrientationLandscapeLeft UIInterfaceOrientationLandscapeRight";
				INFOPLIST_KEY_UISupportedInterfaceOrientations_iPhone = "UIInterfaceOrientationPortrait UIInterfaceOrientationLandscapeLeft UIInterfaceOrientationLandscapeRight";
				LD_RUNPATH_SEARCH_PATHS = (
					"$(inherited)",
					"@executable_path/Frameworks",
				);
				PRODUCT_BUNDLE_IDENTIFIER = org.moltis.ios;
				SDKROOT = iphoneos;
				SUPPORTS_MACCATALYST = NO;
				SWIFT_EMIT_LOC_STRINGS = NO;
				TARGETED_DEVICE_FAMILY = "1,2";
			};
			name = Debug;
		};
		E9EDF5E282B8F2CBFAAAB2A5 /* Debug */ = {
			isa = XCBuildConfiguration;
			baseConfigurationReference = "TEMP_F9BCFF5B-E49C-40ED-8F98-E2863215D0FA" /* local.xcconfig */;
			buildSettings = {
				ALWAYS_SEARCH_USER_PATHS = NO;
				CLANG_ANALYZER_NONNULL = YES;
				CLANG_ANALYZER_NUMBER_OBJECT_CONVERSION = YES_AGGRESSIVE;
				CLANG_CXX_LANGUAGE_STANDARD = "gnu++14";
				CLANG_CXX_LIBRARY = "libc++";
				CLANG_ENABLE_MODULES = YES;
				CLANG_ENABLE_OBJC_ARC = YES;
				CLANG_ENABLE_OBJC_WEAK = YES;
				CLANG_WARN_BLOCK_CAPTURE_AUTORELEASING = YES;
				CLANG_WARN_BOOL_CONVERSION = YES;
				CLANG_WARN_COMMA = YES;
				CLANG_WARN_CONSTANT_CONVERSION = YES;
				CLANG_WARN_DEPRECATED_OBJC_IMPLEMENTATIONS = YES;
				CLANG_WARN_DIRECT_OBJC_ISA_USAGE = YES_ERROR;
				CLANG_WARN_DOCUMENTATION_COMMENTS = YES;
				CLANG_WARN_EMPTY_BODY = YES;
				CLANG_WARN_ENUM_CONVERSION = YES;
				CLANG_WARN_INFINITE_RECURSION = YES;
				CLANG_WARN_INT_CONVERSION = YES;
				CLANG_WARN_NON_LITERAL_NULL_CONVERSION = YES;
				CLANG_WARN_OBJC_IMPLICIT_RETAIN_SELF = YES;
				CLANG_WARN_OBJC_LITERAL_CONVERSION = YES;
				CLANG_WARN_OBJC_ROOT_CLASS = YES_ERROR;
				CLANG_WARN_QUOTED_INCLUDE_IN_FRAMEWORK_HEADER = YES;
				CLANG_WARN_RANGE_LOOP_ANALYSIS = YES;
				CLANG_WARN_STRICT_PROTOTYPES = YES;
				CLANG_WARN_SUSPICIOUS_MOVE = YES;
				CLANG_WARN_UNGUARDED_AVAILABILITY = YES_AGGRESSIVE;
				CLANG_WARN_UNREACHABLE_CODE = YES;
				CLANG_WARN__DUPLICATE_METHOD_MATCH = YES;
				CODE_SIGN_STYLE = Automatic;
				COPY_PHASE_STRIP = NO;
				CURRENT_PROJECT_VERSION = 1;
				DEBUG_INFORMATION_FORMAT = dwarf;
				ENABLE_STRICT_OBJC_MSGSEND = YES;
				ENABLE_TESTABILITY = YES;
				GCC_C_LANGUAGE_STANDARD = gnu11;
				GCC_DYNAMIC_NO_PIC = NO;
				GCC_NO_COMMON_BLOCKS = YES;
				GCC_OPTIMIZATION_LEVEL = 0;
				GCC_PREPROCESSOR_DEFINITIONS = (
					"$(inherited)",
					"DEBUG=1",
				);
				GCC_WARN_64_TO_32_BIT_CONVERSION = YES;
				GCC_WARN_ABOUT_RETURN_TYPE = YES_ERROR;
				GCC_WARN_UNDECLARED_SELECTOR = YES;
				GCC_WARN_UNINITIALIZED_AUTOS = YES_AGGRESSIVE;
				GCC_WARN_UNUSED_FUNCTION = YES;
				GCC_WARN_UNUSED_VARIABLE = YES;
				IPHONEOS_DEPLOYMENT_TARGET = 18.0;
				MARKETING_VERSION = 0.1.0;
				MTL_ENABLE_DEBUG_INFO = INCLUDE_SOURCE;
				MTL_FAST_MATH = YES;
				ONLY_ACTIVE_ARCH = YES;
				PRODUCT_NAME = "$(TARGET_NAME)";
				SDKROOT = iphoneos;
				SWIFT_ACTIVE_COMPILATION_CONDITIONS = DEBUG;
				SWIFT_OPTIMIZATION_LEVEL = "-Onone";
				SWIFT_VERSION = 5.10;
			};
			name = Debug;
		};
		FC118811CB476F0DA9466057 /* Release */ = {
			isa = XCBuildConfiguration;
			baseConfigurationReference = "TEMP_F9BCFF5B-E49C-40ED-8F98-E2863215D0FA" /* local.xcconfig */;
			buildSettings = {
				ALWAYS_SEARCH_USER_PATHS = NO;
				CLANG_ANALYZER_NONNULL = YES;
				CLANG_ANALYZER_NUMBER_OBJECT_CONVERSION = YES_AGGRESSIVE;
				CLANG_CXX_LANGUAGE_STANDARD = "gnu++14";
				CLANG_CXX_LIBRARY = "libc++";
				CLANG_ENABLE_MODULES = YES;
				CLANG_ENABLE_OBJC_ARC = YES;
				CLANG_ENABLE_OBJC_WEAK = YES;
				CLANG_WARN_BLOCK_CAPTURE_AUTORELEASING = YES;
				CLANG_WARN_BOOL_CONVERSION = YES;
				CLANG_WARN_COMMA = YES;
				CLANG_WARN_CONSTANT_CONVERSION = YES;
				CLANG_WARN_DEPRECATED_OBJC_IMPLEMENTATIONS = YES;
				CLANG_WARN_DIRECT_OBJC_ISA_USAGE = YES_ERROR;
				CLANG_WARN_DOCUMENTATION_COMMENTS = YES;
				CLANG_WARN_EMPTY_BODY = YES;
				CLANG_WARN_ENUM_CONVERSION = YES;
				CLANG_WARN_INFINITE_RECURSION = YES;
				CLANG_WARN_INT_CONVERSION = YES;
				CLANG_WARN_NON_LITERAL_NULL_CONVERSION = YES;
				CLANG_WARN_OBJC_IMPLICIT_RETAIN_SELF = YES;
				CLANG_WARN_OBJC_LITERAL_CONVERSION = YES;
				CLANG_WARN_OBJC_ROOT_CLASS = YES_ERROR;
				CLANG_WARN_QUOTED_INCLUDE_IN_FRAMEWORK_HEADER = YES;
				CLANG_WARN_RANGE_LOOP_ANALYSIS = YES;
				CLANG_WARN_STRICT_PROTOTYPES = YES;
				CLANG_WARN_SUSPICIOUS_MOVE = YES;
				CLANG_WARN_UNGUARDED_AVAILABILITY = YES_AGGRESSIVE;
				CLANG_WARN_UNREACHABLE_CODE = YES;
				CLANG_WARN__DUPLICATE_METHOD_MATCH = YES;
				CODE_SIGN_STYLE = Automatic;
				COPY_PHASE_STRIP = NO;
				CURRENT_PROJECT_VERSION = 1;
				DEBUG_INFORMATION_FORMAT = "dwarf-with-dsym";
				ENABLE_NS_ASSERTIONS = NO;
				ENABLE_STRICT_OBJC_MSGSEND = YES;
				GCC_C_LANGUAGE_STANDARD = gnu11;
				GCC_NO_COMMON_BLOCKS = YES;
				GCC_WARN_64_TO_32_BIT_CONVERSION = YES;
				GCC_WARN_ABOUT_RETURN_TYPE = YES_ERROR;
				GCC_WARN_UNDECLARED_SELECTOR = YES;
				GCC_WARN_UNINITIALIZED_AUTOS = YES_AGGRESSIVE;
				GCC_WARN_UNUSED_FUNCTION = YES;
				GCC_WARN_UNUSED_VARIABLE = YES;
				IPHONEOS_DEPLOYMENT_TARGET = 18.0;
				MARKETING_VERSION = 0.1.0;
				MTL_ENABLE_DEBUG_INFO = NO;
				MTL_FAST_MATH = YES;
				PRODUCT_NAME = "$(TARGET_NAME)";
				SDKROOT = iphoneos;
				SWIFT_COMPILATION_MODE = wholemodule;
				SWIFT_OPTIMIZATION_LEVEL = "-O";
				SWIFT_VERSION = 5.10;
			};
			name = Release;
		};
/* End XCBuildConfiguration section */

/* Begin XCConfigurationList section */
		05A5349E823228D1F723C88A /* Build configuration list for PBXProject "Moltis" */ = {
			isa = XCConfigurationList;
			buildConfigurations = (
				E9EDF5E282B8F2CBFAAAB2A5 /* Debug */,
				FC118811CB476F0DA9466057 /* Release */,
			);
			defaultConfigurationIsVisible = 0;
			defaultConfigurationName = Debug;
		};
		90E12F31AF251005065C1068 /* Build configuration list for PBXNativeTarget "Moltis" */ = {
			isa = XCConfigurationList;
			buildConfigurations = (
				BD349268E4F43FB3D1C7A999 /* Debug */,
				085AC36127F6B1114FBECF34 /* Release */,
			);
			defaultConfigurationIsVisible = 0;
			defaultConfigurationName = Debug;
		};
		DD2911A568D044E5B4DB23DA /* Build configuration list for PBXNativeTarget "MoltisWidgetExtension" */ = {
			isa = XCConfigurationList;
			buildConfigurations = (
				17D7C580CF2CF20CCE2800EA /* Debug */,
				8584A0EEFD2EE4E93C838471 /* Release */,
			);
			defaultConfigurationIsVisible = 0;
			defaultConfigurationName = Debug;
		};
/* End XCConfigurationList section */

/* Begin XCRemoteSwiftPackageReference section */
		9C3F735C5904C9B0CE27FD10 /* XCRemoteSwiftPackageReference "apollo-ios" */ = {
			isa = XCRemoteSwiftPackageReference;
			repositoryURL = "https://github.com/apollographql/apollo-ios.git";
			requirement = {
				kind = upToNextMajorVersion;
				minimumVersion = 2.0.6;
			};
		};
/* End XCRemoteSwiftPackageReference section */

/* Begin XCSwiftPackageProductDependency section */
		3716D70B878103EE87C78A56 /* ApolloAPI */ = {
			isa = XCSwiftPackageProductDependency;
			package = 9C3F735C5904C9B0CE27FD10 /* XCRemoteSwiftPackageReference "apollo-ios" */;
			productName = ApolloAPI;
		};
		590EC23675E8F4ACE435C023 /* Apollo */ = {
			isa = XCSwiftPackageProductDependency;
			package = 9C3F735C5904C9B0CE27FD10 /* XCRemoteSwiftPackageReference "apollo-ios" */;
			productName = Apollo;
		};
		CA58ABF4F0B58A11638F19D9 /* ApolloWebSocket */ = {
			isa = XCSwiftPackageProductDependency;
			package = 9C3F735C5904C9B0CE27FD10 /* XCRemoteSwiftPackageReference "apollo-ios" */;
			productName = ApolloWebSocket;
		};
/* End XCSwiftPackageProductDependency section */
	};
	rootObject = 98114214F49C2790CC903E21 /* Project object */;
}
